// !$*UTF8*$!
{
	archiveVersion = 1;
	classes = {
	};
	objectVersion = 50;
	objects = {

/* Begin PBXBuildFile section */
		8008254C269987CA00AFA057 /* hustle-on.wav in Resources */ = {isa = PBXBuildFile; fileRef = 8008254B269987CA00AFA057 /* hustle-on.wav */; };
		80A72707269601EF00A977E7 /* AppDelegate.swift in Sources */ = {isa = PBXBuildFile; fileRef = 80A72706269601EF00A977E7 /* AppDelegate.swift */; };
		80A72709269601EF00A977E7 /* SceneDelegate.swift in Sources */ = {isa = PBXBuildFile; fileRef = 80A72708269601EF00A977E7 /* SceneDelegate.swift */; };
		80A7270B269601EF00A977E7 /* ViewController.swift in Sources */ = {isa = PBXBuildFile; fileRef = 80A7270A269601EF00A977E7 /* ViewController.swift */; };
		80A7270E269601EF00A977E7 /* Main.storyboard in Resources */ = {isa = PBXBuildFile; fileRef = 80A7270C269601EF00A977E7 /* Main.storyboard */; };
		80A72710269601F000A977E7 /* Assets.xcassets in Resources */ = {isa = PBXBuildFile; fileRef = 80A7270F269601F000A977E7 /* Assets.xcassets */; };
		80A72713269601F000A977E7 /* LaunchScreen.storyboard in Resources */ = {isa = PBXBuildFile; fileRef = 80A72711269601F000A977E7 /* LaunchScreen.storyboard */; };
/* End PBXBuildFile section */

/* Begin PBXFileReference section */
		8008254B269987CA00AFA057 /* hustle-on.wav */ = {isa = PBXFileReference; lastKnownFileType = audio.wav; name = "hustle-on.wav"; path = "../../../Downloads/hustle-mode-code-assets/assets/Assets/hustle-on.wav"; sourceTree = "<group>"; };
		80A72703269601EF00A977E7 /* RocketFlyer.app */ = {isa = PBXFileReference; explicitFileType = wrapper.application; includeInIndex = 0; path = RocketFlyer.app; sourceTree = BUILT_PRODUCTS_DIR; };
		80A72706269601EF00A977E7 /* AppDelegate.swift */ = {isa = PBXFileReference; lastKnownFileType = sourcecode.swift; path = AppDelegate.swift; sourceTree = "<group>"; };
		80A72708269601EF00A977E7 /* SceneDelegate.swift */ = {isa = PBXFileReference; lastKnownFileType = sourcecode.swift; path = SceneDelegate.swift; sourceTree = "<group>"; };
		80A7270A269601EF00A977E7 /* ViewController.swift */ = {isa = PBXFileReference; lastKnownFileType = sourcecode.swift; path = ViewController.swift; sourceTree = "<group>"; };
		80A7270D269601EF00A977E7 /* Base */ = {isa = PBXFileReference; lastKnownFileType = file.storyboard; name = Base; path = Base.lproj/Main.storyboard; sourceTree = "<group>"; };
		80A7270F269601F000A977E7 /* Assets.xcassets */ = {isa = PBXFileReference; lastKnownFileType = folder.assetcatalog; path = Assets.xcassets; sourceTree = "<group>"; };
		80A72712269601F000A977E7 /* Base */ = {isa = PBXFileReference; lastKnownFileType = file.storyboard; name = Base; path = Base.lproj/LaunchScreen.storyboard; sourceTree = "<group>"; };
		80A72714269601F000A977E7 /* Info.plist */ = {isa = PBXFileReference; lastKnownFileType = text.plist.xml; path = Info.plist; sourceTree = "<group>"; };
/* End PBXFileReference section */

/* Begin PBXFrameworksBuildPhase section */
		80A72700269601EF00A977E7 /* Frameworks */ = {
			isa = PBXFrameworksBuildPhase;
			buildActionMask = 2147483647;
			files = (
			);
			runOnlyForDeploymentPostprocessing = 0;
		};
/* End PBXFrameworksBuildPhase section */

/* Begin PBXGroup section */
		80A726FA269601EF00A977E7 = {
			isa = PBXGroup;
			children = (
				80A72705269601EF00A977E7 /* RocketFlyer */,
				80A72704269601EF00A977E7 /* Products */,
			);
			sourceTree = "<group>";
		};
		80A72704269601EF00A977E7 /* Products */ = {
			isa = PBXGroup;
			children = (
				80A72703269601EF00A977E7 /* RocketFlyer.app */,
			);
			name = Products;
			sourceTree = "<group>";
		};
		80A72705269601EF00A977E7 /* RocketFlyer */ = {
			isa = PBXGroup;
			children = (
				8008254B269987CA00AFA057 /* hustle-on.wav */,
				80A72706269601EF00A977E7 /* AppDelegate.swift */,
				80A72708269601EF00A977E7 /* SceneDelegate.swift */,
				80A7270A269601EF00A977E7 /* ViewController.swift */,
				80A7270C269601EF00A977E7 /* Main.storyboard */,
				80A7270F269601F000A977E7 /* Assets.xcassets */,
				80A72711269601F000A977E7 /* LaunchScreen.storyboard */,
				80A72714269601F000A977E7 /* Info.plist */,
			);
			path = RocketFlyer;
			sourceTree = "<group>";
		};
/* End PBXGroup section */

/* Begin PBXNativeTarget section */
		80A72702269601EF00A977E7 /* RocketFlyer */ = {
			isa = PBXNativeTarget;
			buildConfigurationList = 80A72717269601F000A977E7 /* Build configuration list for PBXNativeTarget "RocketFlyer" */;
			buildPhases = (
				80A726FF269601EF00A977E7 /* Sources */,
				80A72700269601EF00A977E7 /* Frameworks */,
				80A72701269601EF00A977E7 /* Resources */,
			);
			buildRules = (
			);
			dependencies = (
			);
			name = RocketFlyer;
			productName = RocketFlyer;
			productReference = 80A72703269601EF00A977E7 /* RocketFlyer.app */;
			productType = "com.apple.product-type.application";
		};
/* End PBXNativeTarget section */

/* Begin PBXProject section */
		80A726FB269601EF00A977E7 /* Project object */ = {
			isa = PBXProject;
			attributes = {
				LastSwiftUpdateCheck = 1240;
				LastUpgradeCheck = 1240;
				TargetAttributes = {
					80A72702269601EF00A977E7 = {
						CreatedOnToolsVersion = 12.4;
					};
				};
			};
			buildConfigurationList = 80A726FE269601EF00A977E7 /* Build configuration list for PBXProject "RocketFlyer" */;
			compatibilityVersion = "Xcode 9.3";
			developmentRegion = en;
			hasScannedForEncodings = 0;
			knownRegions = (
				en,
				Base,
			);
			mainGroup = 80A726FA269601EF00A977E7;
			productRefGroup = 80A72704269601EF00A977E7 /* Products */;
			projectDirPath = "";
			projectRoot = "";
			targets = (
				80A72702269601EF00A977E7 /* RocketFlyer */,
			);
		};
/* End PBXProject section */

/* Begin PBXResourcesBuildPhase section */
		80A72701269601EF00A977E7 /* Resources */ = {
			isa = PBXResourcesBuildPhase;
			buildActionMask = 2147483647;
			files = (
				8008254C269987CA00AFA057 /* hustle-on.wav in Resources */,
				80A72713269601F000A977E7 /* LaunchScreen.storyboard in Resources */,
				80A72710269601F000A977E7 /* Assets.xcassets in Resources */,
				80A7270E269601EF00A977E7 /* Main.storyboard in Resources */,
			);
			runOnlyForDeploymentPostprocessing = 0;
		};
/* End PBXResourcesBuildPhase section */

/* Begin PBXSourcesBuildPhase section */
		80A726FF269601EF00A977E7 /* Sources */ = {
			isa = PBXSourcesBuildPhase;
			buildActionMask = 2147483647;
			files = (
				80A7270B269601EF00A977E7 /* ViewController.swift in Sources */,
				80A72707269601EF00A977E7 /* AppDelegate.swift in Sources */,
				80A72709269601EF00A977E7 /* SceneDelegate.swift in Sources */,
			);
			runOnlyForDeploymentPostprocessing = 0;
		};
/* End PBXSourcesBuildPhase section */

/* Begin PBXVariantGroup section */
		80A7270C269601EF00A977E7 /* Main.storyboard */ = {
			isa = PBXVariantGroup;
			children = (
				80A7270D269601EF00A977E7 /* Base */,
			);
			name = Main.storyboard;
			sourceTree = "<group>";
		};
		80A72711269601F000A977E7 /* LaunchScreen.storyboard */ = {
			isa = PBXVariantGroup;
			children = (
				80A72712269601F000A977E7 /* Base */,
			);
			name = LaunchScreen.storyboard;
			sourceTree = "<group>";
		};
/* End PBXVariantGroup section */

/* Begin XCBuildConfiguration section */
		80A72715269601F000A977E7 /* Debug */ = {
			isa = XCBuildConfiguration;
			buildSettings = {
				ALWAYS_SEARCH_USER_PATHS = NO;
				CLANG_ANALYZER_NONNULL = YES;
				CLANG_ANALYZER_NUMBER_OBJECT_CONVERSION = YES_AGGRESSIVE;
				CLANG_CXX_LANGUAGE_STANDARD = "gnu++14";
				CLANG_CXX_LIBRARY = "libc++";
				CLANG_ENABLE_MODULES = YES;
				CLANG_ENABLE_OBJC_ARC = YES;
				CLANG_ENABLE_OBJC_WEAK = YES;
				CLANG_WARN_BLOCK_CAPTURE_AUTORELEASING = YES;
				CLANG_WARN_BOOL_CONVERSION = YES;
				CLANG_WARN_COMMA = YES;
				CLANG_WARN_CONSTANT_CONVERSION = YES;
				CLANG_WARN_DEPRECATED_OBJC_IMPLEMENTATIONS = YES;
				CLANG_WARN_DIRECT_OBJC_ISA_USAGE = YES_ERROR;
				CLANG_WARN_DOCUMENTATION_COMMENTS = YES;
				CLANG_WARN_EMPTY_BODY = YES;
				CLANG_WARN_ENUM_CONVERSION = YES;
				CLANG_WARN_INFINITE_RECURSION = YES;
				CLANG_WARN_INT_CONVERSION = YES;
				CLANG_WARN_NON_LITERAL_NULL_CONVERSION = YES;
				CLANG_WARN_OBJC_IMPLICIT_RETAIN_SELF = YES;
				CLANG_WARN_OBJC_LITERAL_CONVERSION = YES;
				CLANG_WARN_OBJC_ROOT_CLASS = YES_ERROR;
				CLANG_WARN_QUOTED_INCLUDE_IN_FRAMEWORK_HEADER = YES;
				CLANG_WARN_RANGE_LOOP_ANALYSIS = YES;
				CLANG_WARN_STRICT_PROTOTYPES = YES;
				CLANG_WARN_SUSPICIOUS_MOVE = YES;
				CLANG_WARN_UNGUARDED_AVAILABILITY = YES_AGGRESSIVE;
				CLANG_WARN_UNREACHABLE_CODE = YES;
				CLANG_WARN__DUPLICATE_METHOD_MATCH = YES;
				COPY_PHASE_STRIP = NO;
				DEBUG_INFORMATION_FORMAT = dwarf;
				ENABLE_STRICT_OBJC_MSGSEND = YES;
				ENABLE_TESTABILITY = YES;
				GCC_C_LANGUAGE_STANDARD = gnu11;
				GCC_DYNAMIC_NO_PIC = NO;
				GCC_NO_COMMON_BLOCKS = YES;
				GCC_OPTIMIZATION_LEVEL = 0;
				GCC_PREPROCESSOR_DEFINITIONS = (
					"DEBUG=1",
					"$(inherited)",
				);
				GCC_WARN_64_TO_32_BIT_CONVERSION = YES;
				GCC_WARN_ABOUT_RETURN_TYPE = YES_ERROR;
				GCC_WARN_UNDECLARED_SELECTOR = YES;
				GCC_WARN_UNINITIALIZED_AUTOS = YES_AGGRESSIVE;
				GCC_WARN_UNUSED_FUNCTION = YES;
				GCC_WARN_UNUSED_VARIABLE = YES;
				IPHONEOS_DEPLOYMENT_TARGET = 14.4;
				MTL_ENABLE_DEBUG_INFO = INCLUDE_SOURCE;
				MTL_FAST_MATH = YES;
				ONLY_ACTIVE_ARCH = YES;
				SDKROOT = iphoneos;
				SWIFT_ACTIVE_COMPILATION_CONDITIONS = DEBUG;
				SWIFT_OPTIMIZATION_LEVEL = "-Onone";
			};
			name = Debug;
		};
		80A72716269601F000A977E7 /* Release */ = {
			isa = XCBuildConfiguration;
			buildSettings = {
				ALWAYS_SEARCH_USER_PATHS = NO;
				CLANG_ANALYZER_NONNULL = YES;
				CLANG_ANALYZER_NUMBER_OBJECT_CONVERSION = YES_AGGRESSIVE;
				CLANG_CXX_LANGUAGE_STANDARD = "gnu++14";
				CLANG_CXX_LIBRARY = "libc++";
				CLANG_ENABLE_MODULES = YES;
				CLANG_ENABLE_OBJC_ARC = YES;
				CLANG_ENABLE_OBJC_WEAK = YES;
				CLANG_WARN_BLOCK_CAPTURE_AUTORELEASING = YES;
				CLANG_WARN_BOOL_CONVERSION = YES;
				CLANG_WARN_COMMA = YES;
				CLANG_WARN_CONSTANT_CONVERSION = YES;
				CLANG_WARN_DEPRECATED_OBJC_IMPLEMENTATIONS = YES;
				CLANG_WARN_DIRECT_OBJC_ISA_USAGE = YES_ERROR;
				CLANG_WARN_DOCUMENTATION_COMMENTS = YES;
				CLANG_WARN_EMPTY_BODY = YES;
				CLANG_WARN_ENUM_CONVERSION = YES;
				CLANG_WARN_INFINITE_RECURSION = YES;
				CLANG_WARN_INT_CONVERSION = YES;
				CLANG_WARN_NON_LITERAL_NULL_CONVERSION = YES;
				CLANG_WARN_OBJC_IMPLICIT_RETAIN_SELF = YES;
				CLANG_WARN_OBJC_LITERAL_CONVERSION = YES;
				CLANG_WARN_OBJC_ROOT_CLASS = YES_ERROR;
				CLANG_WARN_QUOTED_INCLUDE_IN_FRAMEWORK_HEADER = YES;
				CLANG_WARN_RANGE_LOOP_ANALYSIS = YES;
				CLANG_WARN_STRICT_PROTOTYPES = YES;
				CLANG_WARN_SUSPICIOUS_MOVE = YES;
				CLANG_WARN_UNGUARDED_AVAILABILITY = YES_AGGRESSIVE;
				CLANG_WARN_UNREACHABLE_CODE = YES;
				CLANG_WARN__DUPLICATE_METHOD_MATCH = YES;
				COPY_PHASE_STRIP = NO;
				DEBUG_INFORMATION_FORMAT = "dwarf-with-dsym";
				ENABLE_NS_ASSERTIONS = NO;
				ENABLE_STRICT_OBJC_MSGSEND = YES;
				GCC_C_LANGUAGE_STANDARD = gnu11;
				GCC_NO_COMMON_BLOCKS = YES;
				GCC_WARN_64_TO_32_BIT_CONVERSION = YES;
				GCC_WARN_ABOUT_RETURN_TYPE = YES_ERROR;
				GCC_WARN_UNDECLARED_SELECTOR = YES;
				GCC_WARN_UNINITIALIZED_AUTOS = YES_AGGRESSIVE;
				GCC_WARN_UNUSED_FUNCTION = YES;
				GCC_WARN_UNUSED_VARIABLE = YES;
				IPHONEOS_DEPLOYMENT_TARGET = 14.4;
				MTL_ENABLE_DEBUG_INFO = NO;
				MTL_FAST_MATH = YES;
				SDKROOT = iphoneos;
				SWIFT_COMPILATION_MODE = wholemodule;
				SWIFT_OPTIMIZATION_LEVEL = "-O";
				VALIDATE_PRODUCT = YES;
			};
			name = Release;
		};
		80A72718269601F000A977E7 /* Debug */ = {
			isa = XCBuildConfiguration;
			buildSettings = {
				ASSETCATALOG_COMPILER_APPICON_NAME = AppIcon;
				ASSETCATALOG_COMPILER_GLOBAL_ACCENT_COLOR_NAME = AccentColor;
				CODE_SIGN_STYLE = Automatic;
				DEVELOPMENT_TEAM = H58U3GRYJH;
				INFOPLIST_FILE = RocketFlyer/Info.plist;
				LD_RUNPATH_SEARCH_PATHS = (
					"$(inherited)",
					"@executable_path/Frameworks",
				);
				PRODUCT_BUNDLE_IDENTIFIER = com.laddha.RocketFlyer;
				PRODUCT_NAME = "$(TARGET_NAME)";
				SWIFT_VERSION = 5.0;
				TARGETED_DEVICE_FAMILY = "1,2";
			};
			name = Debug;
		};
		80A72719269601F000A977E7 /* Release */ = {
			isa = XCBuildConfiguration;
			buildSettings = {
				ASSETCATALOG_COMPILER_APPICON_NAME = AppIcon;
				ASSETCATALOG_COMPILER_GLOBAL_ACCENT_COLOR_NAME = AccentColor;
				CODE_SIGN_STYLE = Automatic;
				DEVELOPMENT_TEAM = H58U3GRYJH;
				INFOPLIST_FILE = RocketFlyer/Info.plist;
				LD_RUNPATH_SEARCH_PATHS = (
					"$(inherited)",
					"@executable_path/Frameworks",
				);
				PRODUCT_BUNDLE_IDENTIFIER = com.laddha.RocketFlyer;
				PRODUCT_NAME = "$(TARGET_NAME)";
				SWIFT_VERSION = 5.0;
				TARGETED_DEVICE_FAMILY = "1,2";
			};
			name = Release;
		};
/* End XCBuildConfiguration section */

/* Begin XCConfigurationList section */
		80A726FE269601EF00A977E7 /* Build configuration list for PBXProject "RocketFlyer" */ = {
			isa = XCConfigurationList;
			buildConfigurations = (
				80A72715269601F000A977E7 /* Debug */,
				80A72716269601F000A977E7 /* Release */,
			);
			defaultConfigurationIsVisible = 0;
			defaultConfigurationName = Release;
		};
		80A72717269601F000A977E7 /* Build configuration list for PBXNativeTarget "RocketFlyer" */ = {
			isa = XCConfigurationList;
			buildConfigurations = (
				80A72718269601F000A977E7 /* Debug */,
				80A72719269601F000A977E7 /* Release */,
			);
			defaultConfigurationIsVisible = 0;
			defaultConfigurationName = Release;
		};
/* End XCConfigurationList section */
	};
	rootObject = 80A726FB269601EF00A977E7 /* Project object */;
}
